
Microsoft Visual Studio Solution File, Format Version 12.00
# Visual Studio Version 17
VisualStudioVersion = 17.7.34302.85
MinimumVisualStudioVersion = 10.0.40219.1
Project("{FAE04EC0-301F-11D3-BF4B-00C04F79EFBC}") = "maxman", "maxman.csproj", "{8D397FC8-0B2D-4AFA-BEC6-9B8C54156204}"
EndProject
Global
	GlobalSection(SolutionConfigurationPlatforms) = preSolution
		Debug|Any CPU = Debug|Any CPU
		Release|Any CPU = Release|Any CPU
	EndGlobalSection
	GlobalSection(ProjectConfigurationPlatforms) = postSolution
		{8D397FC8-0B2D-4AFA-BEC6-9B8C54156204}.Debug|Any CPU.ActiveCfg = Debug|Any CPU
		{8D397FC8-0B2D-4AFA-BEC6-9B8C54156204}.Debug|Any CPU.Build.0 = Debug|Any CPU
		{8D397FC8-0B2D-4AFA-BEC6-9B8C54156204}.Release|Any CPU.ActiveCfg = Release|Any CPU
		{8D397FC8-0B2D-4AFA-BEC6-9B8C54156204}.Release|Any CPU.Build.0 = Release|Any CPU
	EndGlobalSection
	GlobalSection(SolutionProperties) = preSolution
		HideSolutionNode = FALSE
	EndGlobalSection
	GlobalSection(ExtensibilityGlobals) = postSolution
		SolutionGuid = {D30A3E77-A5F2-4932-8030-D30249A3ACDF}
	EndGlobalSection
EndGlobal
